
Microsoft Visual Studio Solution File, Format Version 12.00
# Visual Studio Version 17
VisualStudioVersion = 17.3.32819.101
MinimumVisualStudioVersion = 10.0.40219.1
Project("{FAE04EC0-301F-11D3-BF4B-00C04F79EFBC}") = "SnakesLadders", "SnakesLadders.csproj", "{8A1EC73C-B239-44AA-B800-8034641F5F39}"
EndProject
Global
	GlobalSection(SolutionConfigurationPlatforms) = preSolution
		Debug|Any CPU = Debug|Any CPU
		Release|Any CPU = Release|Any CPU
	EndGlobalSection
	GlobalSection(ProjectConfigurationPlatforms) = postSolution
		{8A1EC73C-B239-44AA-B800-8034641F5F39}.Debug|Any CPU.ActiveCfg = Debug|Any CPU
		{8A1EC73C-B239-44AA-B800-8034641F5F39}.Debug|Any CPU.Build.0 = Debug|Any CPU
		{8A1EC73C-B239-44AA-B800-8034641F5F39}.Release|Any CPU.ActiveCfg = Release|Any CPU
		{8A1EC73C-B239-44AA-B800-8034641F5F39}.Release|Any CPU.Build.0 = Release|Any CPU
	EndGlobalSection
	GlobalSection(SolutionProperties) = preSolution
		HideSolutionNode = FALSE
	EndGlobalSection
	GlobalSection(ExtensibilityGlobals) = postSolution
		SolutionGuid = {DC40F8F3-2B08-4AAF-A03C-03677921E0EC}
	EndGlobalSection
EndGlobal
